// !$*UTF8*$!
{
	archiveVersion = 1;
	classes = {
	};
	objectVersion = 46;
	objects = {

/* Begin PBXBuildFile section */
		C2D2582D1945F80E0013A3E8 /* Foundation.framework in Frameworks */ = {isa = PBXBuildFile; fileRef = C2D2582C1945F80E0013A3E8 /* Foundation.framework */; };
		C2D2582F1945F80E0013A3E8 /* CoreGraphics.framework in Frameworks */ = {isa = PBXBuildFile; fileRef = C2D2582E1945F80E0013A3E8 /* CoreGraphics.framework */; };
		C2D258311945F80E0013A3E8 /* UIKit.framework in Frameworks */ = {isa = PBXBuildFile; fileRef = C2D258301945F80E0013A3E8 /* UIKit.framework */; };
		C2D258371945F80E0013A3E8 /* InfoPlist.strings in Resources */ = {isa = PBXBuildFile; fileRef = C2D258351945F80E0013A3E8 /* InfoPlist.strings */; };
		C2D258391945F80E0013A3E8 /* main.m in Sources */ = {isa = PBXBuildFile; fileRef = C2D258381945F80E0013A3E8 /* main.m */; };
		C2D2583D1945F80E0013A3E8 /* XBTAppDelegate.m in Sources */ = {isa = PBXBuildFile; fileRef = C2D2583C1945F80E0013A3E8 /* XBTAppDelegate.m */; };
		C2D258401945F80E0013A3E8 /* Main.storyboard in Resources */ = {isa = PBXBuildFile; fileRef = C2D2583E1945F80E0013A3E8 /* Main.storyboard */; };
		C2D258431945F80E0013A3E8 /* XBTViewController.m in Sources */ = {isa = PBXBuildFile; fileRef = C2D258421945F80E0013A3E8 /* XBTViewController.m */; };
		C2D258451945F80E0013A3E8 /* Images.xcassets in Resources */ = {isa = PBXBuildFile; fileRef = C2D258441945F80E0013A3E8 /* Images.xcassets */; };
		C2D2584C1945F80E0013A3E8 /* XCTest.framework in Frameworks */ = {isa = PBXBuildFile; fileRef = C2D2584B1945F80E0013A3E8 /* XCTest.framework */; };
		C2D2584D1945F80E0013A3E8 /* Foundation.framework in Frameworks */ = {isa = PBXBuildFile; fileRef = C2D2582C1945F80E0013A3E8 /* Foundation.framework */; };
		C2D2584E1945F80E0013A3E8 /* UIKit.framework in Frameworks */ = {isa = PBXBuildFile; fileRef = C2D258301945F80E0013A3E8 /* UIKit.framework */; };
		C2D258561945F80E0013A3E8 /* InfoPlist.strings in Resources */ = {isa = PBXBuildFile; fileRef = C2D258541945F80E0013A3E8 /* InfoPlist.strings */; };
		C2D258581945F80E0013A3E8 /* XBlueToothTests.m in Sources */ = {isa = PBXBuildFile; fileRef = C2D258571945F80E0013A3E8 /* XBlueToothTests.m */; };
/* End PBXBuildFile section */

/* Begin PBXContainerItemProxy section */
		C2D2584F1945F80E0013A3E8 /* PBXContainerItemProxy */ = {
			isa = PBXContainerItemProxy;
			containerPortal = C2D258211945F80D0013A3E8 /* Project object */;
			proxyType = 1;
			remoteGlobalIDString = C2D258281945F80E0013A3E8;
			remoteInfo = XBlueTooth;
		};
/* End PBXContainerItemProxy section */

/* Begin PBXFileReference section */
		C2D258291945F80E0013A3E8 /* XBlueTooth.app */ = {isa = PBXFileReference; explicitFileType = wrapper.application; includeInIndex = 0; path = XBlueTooth.app; sourceTree = BUILT_PRODUCTS_DIR; };
		C2D2582C1945F80E0013A3E8 /* Foundation.framework */ = {isa = PBXFileReference; lastKnownFileType = wrapper.framework; name = Foundation.framework; path = System/Library/Frameworks/Foundation.framework; sourceTree = SDKROOT; };
		C2D2582E1945F80E0013A3E8 /* CoreGraphics.framework */ = {isa = PBXFileReference; lastKnownFileType = wrapper.framework; name = CoreGraphics.framework; path = System/Library/Frameworks/CoreGraphics.framework; sourceTree = SDKROOT; };
		C2D258301945F80E0013A3E8 /* UIKit.framework */ = {isa = PBXFileReference; lastKnownFileType = wrapper.framework; name = UIKit.framework; path = System/Library/Frameworks/UIKit.framework; sourceTree = SDKROOT; };
		C2D258341945F80E0013A3E8 /* XBlueTooth-Info.plist */ = {isa = PBXFileReference; lastKnownFileType = text.plist.xml; path = "XBlueTooth-Info.plist"; sourceTree = "<group>"; };
		C2D258361945F80E0013A3E8 /* en */ = {isa = PBXFileReference; lastKnownFileType = text.plist.strings; name = en; path = en.lproj/InfoPlist.strings; sourceTree = "<group>"; };
		C2D258381945F80E0013A3E8 /* main.m */ = {isa = PBXFileReference; lastKnownFileType = sourcecode.c.objc; path = main.m; sourceTree = "<group>"; };
		C2D2583A1945F80E0013A3E8 /* XBlueTooth-Prefix.pch */ = {isa = PBXFileReference; lastKnownFileType = sourcecode.c.h; path = "XBlueTooth-Prefix.pch"; sourceTree = "<group>"; };
		C2D2583B1945F80E0013A3E8 /* XBTAppDelegate.h */ = {isa = PBXFileReference; lastKnownFileType = sourcecode.c.h; path = XBTAppDelegate.h; sourceTree = "<group>"; };
		C2D2583C1945F80E0013A3E8 /* XBTAppDelegate.m */ = {isa = PBXFileReference; lastKnownFileType = sourcecode.c.objc; path = XBTAppDelegate.m; sourceTree = "<group>"; };
		C2D2583F1945F80E0013A3E8 /* Base */ = {isa = PBXFileReference; lastKnownFileType = file.storyboard; name = Base; path = Base.lproj/Main.storyboard; sourceTree = "<group>"; };
		C2D258411945F80E0013A3E8 /* XBTViewController.h */ = {isa = PBXFileReference; lastKnownFileType = sourcecode.c.h; path = XBTViewController.h; sourceTree = "<group>"; };
		C2D258421945F80E0013A3E8 /* XBTViewController.m */ = {isa = PBXFileReference; lastKnownFileType = sourcecode.c.objc; path = XBTViewController.m; sourceTree = "<group>"; };
		C2D258441945F80E0013A3E8 /* Images.xcassets */ = {isa = PBXFileReference; lastKnownFileType = folder.assetcatalog; path = Images.xcassets; sourceTree = "<group>"; };
		C2D2584A1945F80E0013A3E8 /* XBlueToothTests.xctest */ = {isa = PBXFileReference; explicitFileType = wrapper.cfbundle; includeInIndex = 0; path = XBlueToothTests.xctest; sourceTree = BUILT_PRODUCTS_DIR; };
		C2D2584B1945F80E0013A3E8 /* XCTest.framework */ = {isa = PBXFileReference; lastKnownFileType = wrapper.framework; name = XCTest.framework; path = Library/Frameworks/XCTest.framework; sourceTree = DEVELOPER_DIR; };
		C2D258531945F80E0013A3E8 /* XBlueToothTests-Info.plist */ = {isa = PBXFileReference; lastKnownFileType = text.plist.xml; path = "XBlueToothTests-Info.plist"; sourceTree = "<group>"; };
		C2D258551945F80E0013A3E8 /* en */ = {isa = PBXFileReference; lastKnownFileType = text.plist.strings; name = en; path = en.lproj/InfoPlist.strings; sourceTree = "<group>"; };
		C2D258571945F80E0013A3E8 /* XBlueToothTests.m */ = {isa = PBXFileReference; lastKnownFileType = sourcecode.c.objc; path = XBlueToothTests.m; sourceTree = "<group>"; };
/* End PBXFileReference section */

/* Begin PBXFrameworksBuildPhase section */
		C2D258261945F80E0013A3E8 /* Frameworks */ = {
			isa = PBXFrameworksBuildPhase;
			buildActionMask = 2147483647;
			files = (
				C2D2582F1945F80E0013A3E8 /* CoreGraphics.framework in Frameworks */,
				C2D258311945F80E0013A3E8 /* UIKit.framework in Frameworks */,
				C2D2582D1945F80E0013A3E8 /* Foundation.framework in Frameworks */,
			);
			runOnlyForDeploymentPostprocessing = 0;
		};
		C2D258471945F80E0013A3E8 /* Frameworks */ = {
			isa = PBXFrameworksBuildPhase;
			buildActionMask = 2147483647;
			files = (
				C2D2584C1945F80E0013A3E8 /* XCTest.framework in Frameworks */,
				C2D2584E1945F80E0013A3E8 /* UIKit.framework in Frameworks */,
				C2D2584D1945F80E0013A3E8 /* Foundation.framework in Frameworks */,
			);
			runOnlyForDeploymentPostprocessing = 0;
		};
/* End PBXFrameworksBuildPhase section */

/* Begin PBXGroup section */
		C2D258201945F80D0013A3E8 = {
			isa = PBXGroup;
			children = (
				C2D258321945F80E0013A3E8 /* XBlueTooth */,
				C2D258511945F80E0013A3E8 /* XBlueToothTests */,
				C2D2582B1945F80E0013A3E8 /* Frameworks */,
				C2D2582A1945F80E0013A3E8 /* Products */,
			);
			sourceTree = "<group>";
		};
		C2D2582A1945F80E0013A3E8 /* Products */ = {
			isa = PBXGroup;
			children = (
				C2D258291945F80E0013A3E8 /* XBlueTooth.app */,
				C2D2584A1945F80E0013A3E8 /* XBlueToothTests.xctest */,
			);
			name = Products;
			sourceTree = "<group>";
		};
		C2D2582B1945F80E0013A3E8 /* Frameworks */ = {
			isa = PBXGroup;
			children = (
				C2D2582C1945F80E0013A3E8 /* Foundation.framework */,
				C2D2582E1945F80E0013A3E8 /* CoreGraphics.framework */,
				C2D258301945F80E0013A3E8 /* UIKit.framework */,
				C2D2584B1945F80E0013A3E8 /* XCTest.framework */,
			);
			name = Frameworks;
			sourceTree = "<group>";
		};
		C2D258321945F80E0013A3E8 /* XBlueTooth */ = {
			isa = PBXGroup;
			children = (
				C2D2583B1945F80E0013A3E8 /* XBTAppDelegate.h */,
				C2D2583C1945F80E0013A3E8 /* XBTAppDelegate.m */,
				C2D2583E1945F80E0013A3E8 /* Main.storyboard */,
				C2D258411945F80E0013A3E8 /* XBTViewController.h */,
				C2D258421945F80E0013A3E8 /* XBTViewController.m */,
				C2D258441945F80E0013A3E8 /* Images.xcassets */,
				C2D258331945F80E0013A3E8 /* Supporting Files */,
			);
			path = XBlueTooth;
			sourceTree = "<group>";
		};
		C2D258331945F80E0013A3E8 /* Supporting Files */ = {
			isa = PBXGroup;
			children = (
				C2D258341945F80E0013A3E8 /* XBlueTooth-Info.plist */,
				C2D258351945F80E0013A3E8 /* InfoPlist.strings */,
				C2D258381945F80E0013A3E8 /* main.m */,
				C2D2583A1945F80E0013A3E8 /* XBlueTooth-Prefix.pch */,
			);
			name = "Supporting Files";
			sourceTree = "<group>";
		};
		C2D258511945F80E0013A3E8 /* XBlueToothTests */ = {
			isa = PBXGroup;
			children = (
				C2D258571945F80E0013A3E8 /* XBlueToothTests.m */,
				C2D258521945F80E0013A3E8 /* Supporting Files */,
			);
			path = XBlueToothTests;
			sourceTree = "<group>";
		};
		C2D258521945F80E0013A3E8 /* Supporting Files */ = {
			isa = PBXGroup;
			children = (
				C2D258531945F80E0013A3E8 /* XBlueToothTests-Info.plist */,
				C2D258541945F80E0013A3E8 /* InfoPlist.strings */,
			);
			name = "Supporting Files";
			sourceTree = "<group>";
		};
/* End PBXGroup section */

/* Begin PBXNativeTarget section */
		C2D258281945F80E0013A3E8 /* XBlueTooth */ = {
			isa = PBXNativeTarget;
			buildConfigurationList = C2D2585B1945F80E0013A3E8 /* Build configuration list for PBXNativeTarget "XBlueTooth" */;
			buildPhases = (
				C2D258251945F80E0013A3E8 /* Sources */,
				C2D258261945F80E0013A3E8 /* Frameworks */,
				C2D258271945F80E0013A3E8 /* Resources */,
			);
			buildRules = (
			);
			dependencies = (
			);
			name = XBlueTooth;
			productName = XBlueTooth;
			productReference = C2D258291945F80E0013A3E8 /* XBlueTooth.app */;
			productType = "com.apple.product-type.application";
		};
		C2D258491945F80E0013A3E8 /* XBlueToothTests */ = {
			isa = PBXNativeTarget;
			buildConfigurationList = C2D2585E1945F80E0013A3E8 /* Build configuration list for PBXNativeTarget "XBlueToothTests" */;
			buildPhases = (
				C2D258461945F80E0013A3E8 /* Sources */,
				C2D258471945F80E0013A3E8 /* Frameworks */,
				C2D258481945F80E0013A3E8 /* Resources */,
			);
			buildRules = (
			);
			dependencies = (
				C2D258501945F80E0013A3E8 /* PBXTargetDependency */,
			);
			name = XBlueToothTests;
			productName = XBlueToothTests;
			productReference = C2D2584A1945F80E0013A3E8 /* XBlueToothTests.xctest */;
			productType = "com.apple.product-type.bundle.unit-test";
		};
/* End PBXNativeTarget section */

/* Begin PBXProject section */
		C2D258211945F80D0013A3E8 /* Project object */ = {
			isa = PBXProject;
			attributes = {
				CLASSPREFIX = XBT;
				LastUpgradeCheck = 0510;
				ORGANIZATIONNAME = tonic;
				TargetAttributes = {
					C2D258491945F80E0013A3E8 = {
						TestTargetID = C2D258281945F80E0013A3E8;
					};
				};
			};
			buildConfigurationList = C2D258241945F80D0013A3E8 /* Build configuration list for PBXProject "XBlueTooth" */;
			compatibilityVersion = "Xcode 3.2";
			developmentRegion = English;
			hasScannedForEncodings = 0;
			knownRegions = (
				en,
				Base,
			);
			mainGroup = C2D258201945F80D0013A3E8;
			productRefGroup = C2D2582A1945F80E0013A3E8 /* Products */;
			projectDirPath = "";
			projectRoot = "";
			targets = (
				C2D258281945F80E0013A3E8 /* XBlueTooth */,
				C2D258491945F80E0013A3E8 /* XBlueToothTests */,
			);
		};
/* End PBXProject section */

/* Begin PBXResourcesBuildPhase section */
		C2D258271945F80E0013A3E8 /* Resources */ = {
			isa = PBXResourcesBuildPhase;
			buildActionMask = 2147483647;
			files = (
				C2D258451945F80E0013A3E8 /* Images.xcassets in Resources */,
				C2D258371945F80E0013A3E8 /* InfoPlist.strings in Resources */,
				C2D258401945F80E0013A3E8 /* Main.storyboard in Resources */,
			);
			runOnlyForDeploymentPostprocessing = 0;
		};
		C2D258481945F80E0013A3E8 /* Resources */ = {
			isa = PBXResourcesBuildPhase;
			buildActionMask = 2147483647;
			files = (
				C2D258561945F80E0013A3E8 /* InfoPlist.strings in Resources */,
			);
			runOnlyForDeploymentPostprocessing = 0;
		};
/* End PBXResourcesBuildPhase section */

/* Begin PBXSourcesBuildPhase section */
		C2D258251945F80E0013A3E8 /* Sources */ = {
			isa = PBXSourcesBuildPhase;
			buildActionMask = 2147483647;
			files = (
				C2D258391945F80E0013A3E8 /* main.m in Sources */,
				C2D258431945F80E0013A3E8 /* XBTViewController.m in Sources */,
				C2D2583D1945F80E0013A3E8 /* XBTAppDelegate.m in Sources */,
			);
			runOnlyForDeploymentPostprocessing = 0;
		};
		C2D258461945F80E0013A3E8 /* Sources */ = {
			isa = PBXSourcesBuildPhase;
			buildActionMask = 2147483647;
			files = (
				C2D258581945F80E0013A3E8 /* XBlueToothTests.m in Sources */,
			);
			runOnlyForDeploymentPostprocessing = 0;
		};
/* End PBXSourcesBuildPhase section */

/* Begin PBXTargetDependency section */
		C2D258501945F80E0013A3E8 /* PBXTargetDependency */ = {
			isa = PBXTargetDependency;
			target = C2D258281945F80E0013A3E8 /* XBlueTooth */;
			targetProxy = C2D2584F1945F80E0013A3E8 /* PBXContainerItemProxy */;
		};
/* End PBXTargetDependency section */

/* Begin PBXVariantGroup section */
		C2D258351945F80E0013A3E8 /* InfoPlist.strings */ = {
			isa = PBXVariantGroup;
			children = (
				C2D258361945F80E0013A3E8 /* en */,
			);
			name = InfoPlist.strings;
			sourceTree = "<group>";
		};
		C2D2583E1945F80E0013A3E8 /* Main.storyboard */ = {
			isa = PBXVariantGroup;
			children = (
				C2D2583F1945F80E0013A3E8 /* Base */,
			);
			name = Main.storyboard;
			sourceTree = "<group>";
		};
		C2D258541945F80E0013A3E8 /* InfoPlist.strings */ = {
			isa = PBXVariantGroup;
			children = (
				C2D258551945F80E0013A3E8 /* en */,
			);
			name = InfoPlist.strings;
			sourceTree = "<group>";
		};
/* End PBXVariantGroup section */

/* Begin XCBuildConfiguration section */
		C2D258591945F80E0013A3E8 /* Debug */ = {
			isa = XCBuildConfiguration;
			buildSettings = {
				ALWAYS_SEARCH_USER_PATHS = NO;
				CLANG_CXX_LANGUAGE_STANDARD = "gnu++0x";
				CLANG_CXX_LIBRARY = "libc++";
				CLANG_ENABLE_MODULES = YES;
				CLANG_ENABLE_OBJC_ARC = YES;
				CLANG_WARN_BOOL_CONVERSION = YES;
				CLANG_WARN_CONSTANT_CONVERSION = YES;
				CLANG_WARN_DIRECT_OBJC_ISA_USAGE = YES_ERROR;
				CLANG_WARN_EMPTY_BODY = YES;
				CLANG_WARN_ENUM_CONVERSION = YES;
				CLANG_WARN_INT_CONVERSION = YES;
				CLANG_WARN_OBJC_ROOT_CLASS = YES_ERROR;
				CLANG_WARN__DUPLICATE_METHOD_MATCH = YES;
				"CODE_SIGN_IDENTITY[sdk=iphoneos*]" = "iPhone Developer";
				COPY_PHASE_STRIP = NO;
				GCC_C_LANGUAGE_STANDARD = gnu99;
				GCC_DYNAMIC_NO_PIC = NO;
				GCC_OPTIMIZATION_LEVEL = 0;
				GCC_PREPROCESSOR_DEFINITIONS = (
					"DEBUG=1",
					"$(inherited)",
				);
				GCC_SYMBOLS_PRIVATE_EXTERN = NO;
				GCC_WARN_64_TO_32_BIT_CONVERSION = YES;
				GCC_WARN_ABOUT_RETURN_TYPE = YES_ERROR;
				GCC_WARN_UNDECLARED_SELECTOR = YES;
				GCC_WARN_UNINITIALIZED_AUTOS = YES_AGGRESSIVE;
				GCC_WARN_UNUSED_FUNCTION = YES;
				GCC_WARN_UNUSED_VARIABLE = YES;
				IPHONEOS_DEPLOYMENT_TARGET = 7.1;
				ONLY_ACTIVE_ARCH = YES;
				SDKROOT = iphoneos;
			};
			name = Debug;
		};
		C2D2585A1945F80E0013A3E8 /* Release */ = {
			isa = XCBuildConfiguration;
			buildSettings = {
				ALWAYS_SEARCH_USER_PATHS = NO;
				CLANG_CXX_LANGUAGE_STANDARD = "gnu++0x";
				CLANG_CXX_LIBRARY = "libc++";
				CLANG_ENABLE_MODULES = YES;
				CLANG_ENABLE_OBJC_ARC = YES;
				CLANG_WARN_BOOL_CONVERSION = YES;
				CLANG_WARN_CONSTANT_CONVERSION = YES;
				CLANG_WARN_DIRECT_OBJC_ISA_USAGE = YES_ERROR;
				CLANG_WARN_EMPTY_BODY = YES;
				CLANG_WARN_ENUM_CONVERSION = YES;
				CLANG_WARN_INT_CONVERSION = YES;
				CLANG_WARN_OBJC_ROOT_CLASS = YES_ERROR;
				CLANG_WARN__DUPLICATE_METHOD_MATCH = YES;
				"CODE_SIGN_IDENTITY[sdk=iphoneos*]" = "iPhone Developer";
				COPY_PHASE_STRIP = YES;
				ENABLE_NS_ASSERTIONS = NO;
				GCC_C_LANGUAGE_STANDARD = gnu99;
				GCC_WARN_64_TO_32_BIT_CONVERSION = YES;
				GCC_WARN_ABOUT_RETURN_TYPE = YES_ERROR;
				GCC_WARN_UNDECLARED_SELECTOR = YES;
				GCC_WARN_UNINITIALIZED_AUTOS = YES_AGGRESSIVE;
				GCC_WARN_UNUSED_FUNCTION = YES;
				GCC_WARN_UNUSED_VARIABLE = YES;
				IPHONEOS_DEPLOYMENT_TARGET = 7.1;
				SDKROOT = iphoneos;
				VALIDATE_PRODUCT = YES;
			};
			name = Release;
		};
		C2D2585C1945F80E0013A3E8 /* Debug */ = {
			isa = XCBuildConfiguration;
			buildSettings = {
				ASSETCATALOG_COMPILER_APPICON_NAME = AppIcon;
				ASSETCATALOG_COMPILER_LAUNCHIMAGE_NAME = LaunchImage;
				GCC_PRECOMPILE_PREFIX_HEADER = YES;
				GCC_PREFIX_HEADER = "XBlueTooth/XBlueTooth-Prefix.pch";
				INFOPLIST_FILE = "XBlueTooth/XBlueTooth-Info.plist";
				PRODUCT_NAME = "$(TARGET_NAME)";
				WRAPPER_EXTENSION = app;
			};
			name = Debug;
		};
		C2D2585D1945F80E0013A3E8 /* Release */ = {
			isa = XCBuildConfiguration;
			buildSettings = {
				ASSETCATALOG_COMPILER_APPICON_NAME = AppIcon;
				ASSETCATALOG_COMPILER_LAUNCHIMAGE_NAME = LaunchImage;
				GCC_PRECOMPILE_PREFIX_HEADER = YES;
				GCC_PREFIX_HEADER = "XBlueTooth/XBlueTooth-Prefix.pch";
				INFOPLIST_FILE = "XBlueTooth/XBlueTooth-Info.plist";
				PRODUCT_NAME = "$(TARGET_NAME)";
				WRAPPER_EXTENSION = app;
			};
			name = Release;
		};
		C2D2585F1945F80E0013A3E8 /* Debug */ = {
			isa = XCBuildConfiguration;
			buildSettings = {
				BUNDLE_LOADER = "$(BUILT_PRODUCTS_DIR)/XBlueTooth.app/XBlueTooth";
				FRAMEWORK_SEARCH_PATHS = (
					"$(SDKROOT)/Developer/Library/Frameworks",
					"$(inherited)",
					"$(DEVELOPER_FRAMEWORKS_DIR)",
				);
				GCC_PRECOMPILE_PREFIX_HEADER = YES;
				GCC_PREFIX_HEADER = "XBlueTooth/XBlueTooth-Prefix.pch";
				GCC_PREPROCESSOR_DEFINITIONS = (
					"DEBUG=1",
					"$(inherited)",
				);
				INFOPLIST_FILE = "XBlueToothTests/XBlueToothTests-Info.plist";
				PRODUCT_NAME = "$(TARGET_NAME)";
				TEST_HOST = "$(BUNDLE_LOADER)";
				WRAPPER_EXTENSION = xctest;
			};
			name = Debug;
		};
		C2D258601945F80E0013A3E8 /* Release */ = {
			isa = XCBuildConfiguration;
			buildSettings = {
				BUNDLE_LOADER = "$(BUILT_PRODUCTS_DIR)/XBlueTooth.app/XBlueTooth";
				FRAMEWORK_SEARCH_PATHS = (
					"$(SDKROOT)/Developer/Library/Frameworks",
					"$(inherited)",
					"$(DEVELOPER_FRAMEWORKS_DIR)",
				);
				GCC_PRECOMPILE_PREFIX_HEADER = YES;
				GCC_PREFIX_HEADER = "XBlueTooth/XBlueTooth-Prefix.pch";
				INFOPLIST_FILE = "XBlueToothTests/XBlueToothTests-Info.plist";
				PRODUCT_NAME = "$(TARGET_NAME)";
				TEST_HOST = "$(BUNDLE_LOADER)";
				WRAPPER_EXTENSION = xctest;
			};
			name = Release;
		};
/* End XCBuildConfiguration section */

/* Begin XCConfigurationList section */
		C2D258241945F80D0013A3E8 /* Build configuration list for PBXProject "XBlueTooth" */ = {
			isa = XCConfigurationList;
			buildConfigurations = (
				C2D258591945F80E0013A3E8 /* Debug */,
				C2D2585A1945F80E0013A3E8 /* Release */,
			);
			defaultConfigurationIsVisible = 0;
			defaultConfigurationName = Release;
		};
		C2D2585B1945F80E0013A3E8 /* Build configuration list for PBXNativeTarget "XBlueTooth" */ = {
			isa = XCConfigurationList;
			buildConfigurations = (
				C2D2585C1945F80E0013A3E8 /* Debug */,
				C2D2585D1945F80E0013A3E8 /* Release */,
			);
			defaultConfigurationIsVisible = 0;
		};
		C2D2585E1945F80E0013A3E8 /* Build configuration list for PBXNativeTarget "XBlueToothTests" */ = {
			isa = XCConfigurationList;
			buildConfigurations = (
				C2D2585F1945F80E0013A3E8 /* Debug */,
				C2D258601945F80E0013A3E8 /* Release */,
			);
			defaultConfigurationIsVisible = 0;
		};
/* End XCConfigurationList section */
	};
	rootObject = C2D258211945F80D0013A3E8 /* Project object */;
}
